
Microsoft Visual Studio Solution File, Format Version 12.00
# Visual Studio Version 17
VisualStudioVersion = 17.5.33414.496
MinimumVisualStudioVersion = 10.0.40219.1
Project("{00D1A9C2-B5F0-4AF3-8072-F6C62B433612}") = "Database", "Database\Database.sqlproj", "{D94B84E0-F67F-4418-81A9-A98C17674994}"
EndProject
Project("{9A19103F-16F7-4668-BE54-9A1E7A4F7556}") = "tatoulink", "tatoulink\tatoulink.csproj", "{EE4EBB56-7739-4F0C-873A-AD92F1A5BC8C}"
EndProject
Project("{2150E333-8FDC-42A3-9474-1A3956D46DE8}") = "tmp", "tmp", "{3CDC8656-F0F5-4479-AC14-DA9E9FA88370}"
EndProject
Project("{FAE04EC0-301F-11D3-BF4B-00C04F79EFBC}") = "TestUnitaire", "TestUnitaire\TestUnitaire.csproj", "{BF834412-A325-4105-947D-A95F336D89F2}"
EndProject
Global
	GlobalSection(SolutionConfigurationPlatforms) = preSolution
		Debug|Any CPU = Debug|Any CPU
		Release|Any CPU = Release|Any CPU
	EndGlobalSection
	GlobalSection(ProjectConfigurationPlatforms) = postSolution
		{D94B84E0-F67F-4418-81A9-A98C17674994}.Debug|Any CPU.ActiveCfg = Debug|Any CPU
		{D94B84E0-F67F-4418-81A9-A98C17674994}.Debug|Any CPU.Build.0 = Debug|Any CPU
		{D94B84E0-F67F-4418-81A9-A98C17674994}.Debug|Any CPU.Deploy.0 = Debug|Any CPU
		{D94B84E0-F67F-4418-81A9-A98C17674994}.Release|Any CPU.ActiveCfg = Release|Any CPU
		{D94B84E0-F67F-4418-81A9-A98C17674994}.Release|Any CPU.Build.0 = Release|Any CPU
		{D94B84E0-F67F-4418-81A9-A98C17674994}.Release|Any CPU.Deploy.0 = Release|Any CPU
		{EE4EBB56-7739-4F0C-873A-AD92F1A5BC8C}.Debug|Any CPU.ActiveCfg = Debug|Any CPU
		{EE4EBB56-7739-4F0C-873A-AD92F1A5BC8C}.Debug|Any CPU.Build.0 = Debug|Any CPU
		{EE4EBB56-7739-4F0C-873A-AD92F1A5BC8C}.Release|Any CPU.ActiveCfg = Release|Any CPU
		{EE4EBB56-7739-4F0C-873A-AD92F1A5BC8C}.Release|Any CPU.Build.0 = Release|Any CPU
		{BF834412-A325-4105-947D-A95F336D89F2}.Debug|Any CPU.ActiveCfg = Debug|Any CPU
		{BF834412-A325-4105-947D-A95F336D89F2}.Debug|Any CPU.Build.0 = Debug|Any CPU
		{BF834412-A325-4105-947D-A95F336D89F2}.Release|Any CPU.ActiveCfg = Release|Any CPU
		{BF834412-A325-4105-947D-A95F336D89F2}.Release|Any CPU.Build.0 = Release|Any CPU
	EndGlobalSection
	GlobalSection(SolutionProperties) = preSolution
		HideSolutionNode = FALSE
	EndGlobalSection
	GlobalSection(ExtensibilityGlobals) = postSolution
		SolutionGuid = {40AC6F10-4CE6-4A72-BB1B-FCE9DF4F261B}
	EndGlobalSection
EndGlobal
